
Microsoft Visual Studio Solution File, Format Version 12.00
# Visual Studio Version 17
VisualStudioVersion = 17.9.34728.123
MinimumVisualStudioVersion = 10.0.40219.1
Project("{FAE04EC0-301F-11D3-BF4B-00C04F79EFBC}") = "DZ.15.04.24", "DZ.15.04.24\DZ.15.04.24.csproj", "{561133CE-BED4-418E-953E-1B190EFBA893}"
EndProject
Global
	GlobalSection(SolutionConfigurationPlatforms) = preSolution
		Debug|Any CPU = Debug|Any CPU
		Release|Any CPU = Release|Any CPU
	EndGlobalSection
	GlobalSection(ProjectConfigurationPlatforms) = postSolution
		{561133CE-BED4-418E-953E-1B190EFBA893}.Debug|Any CPU.ActiveCfg = Debug|Any CPU
		{561133CE-BED4-418E-953E-1B190EFBA893}.Debug|Any CPU.Build.0 = Debug|Any CPU
		{561133CE-BED4-418E-953E-1B190EFBA893}.Release|Any CPU.ActiveCfg = Release|Any CPU
		{561133CE-BED4-418E-953E-1B190EFBA893}.Release|Any CPU.Build.0 = Release|Any CPU
	EndGlobalSection
	GlobalSection(SolutionProperties) = preSolution
		HideSolutionNode = FALSE
	EndGlobalSection
	GlobalSection(ExtensibilityGlobals) = postSolution
		SolutionGuid = {676B30DE-A4DE-4BAF-9D25-4113309DA421}
	EndGlobalSection
EndGlobal
